
Microsoft Visual Studio Solution File, Format Version 12.00
Project("{FAE04EC0-301F-11D3-BF4B-00C04F79EFBC}") = "Client", "Client\Client.csproj", "{328FD23D-62B5-4284-A284-492812381331}"
EndProject
Project("{FAE04EC0-301F-11D3-BF4B-00C04F79EFBC}") = "Server", "Server\Server.csproj", "{EB773BEC-8ECA-43E7-872E-3CC6B554ED47}"
EndProject
Global
	GlobalSection(SolutionConfigurationPlatforms) = preSolution
		Debug|Any CPU = Debug|Any CPU
		Release|Any CPU = Release|Any CPU
	EndGlobalSection
	GlobalSection(ProjectConfigurationPlatforms) = postSolution
		{328FD23D-62B5-4284-A284-492812381331}.Debug|Any CPU.ActiveCfg = Debug|Any CPU
		{328FD23D-62B5-4284-A284-492812381331}.Debug|Any CPU.Build.0 = Debug|Any CPU
		{328FD23D-62B5-4284-A284-492812381331}.Release|Any CPU.ActiveCfg = Release|Any CPU
		{328FD23D-62B5-4284-A284-492812381331}.Release|Any CPU.Build.0 = Release|Any CPU
		{EB773BEC-8ECA-43E7-872E-3CC6B554ED47}.Debug|Any CPU.ActiveCfg = Debug|Any CPU
		{EB773BEC-8ECA-43E7-872E-3CC6B554ED47}.Debug|Any CPU.Build.0 = Debug|Any CPU
		{EB773BEC-8ECA-43E7-872E-3CC6B554ED47}.Release|Any CPU.ActiveCfg = Release|Any CPU
		{EB773BEC-8ECA-43E7-872E-3CC6B554ED47}.Release|Any CPU.Build.0 = Release|Any CPU
	EndGlobalSection
	GlobalSection(NestedProjects) = preSolution
	EndGlobalSection
EndGlobal
